
Microsoft Visual Studio Solution File, Format Version 12.00
# Visual Studio Version 16
VisualStudioVersion = 16.0.30114.105
MinimumVisualStudioVersion = 10.0.40219.1
Project("{FAE04EC0-301F-11D3-BF4B-00C04F79EFBC}") = "Assignment 5", "Assignment 5\Assignment 5.csproj", "{F10884B1-AA3D-40BB-9424-00D0D4C6FC4C}"
EndProject
Global
	GlobalSection(SolutionConfigurationPlatforms) = preSolution
		Debug|Any CPU = Debug|Any CPU
		Release|Any CPU = Release|Any CPU
	EndGlobalSection
	GlobalSection(ProjectConfigurationPlatforms) = postSolution
		{F10884B1-AA3D-40BB-9424-00D0D4C6FC4C}.Debug|Any CPU.ActiveCfg = Debug|Any CPU
		{F10884B1-AA3D-40BB-9424-00D0D4C6FC4C}.Debug|Any CPU.Build.0 = Debug|Any CPU
		{F10884B1-AA3D-40BB-9424-00D0D4C6FC4C}.Release|Any CPU.ActiveCfg = Release|Any CPU
		{F10884B1-AA3D-40BB-9424-00D0D4C6FC4C}.Release|Any CPU.Build.0 = Release|Any CPU
	EndGlobalSection
	GlobalSection(SolutionProperties) = preSolution
		HideSolutionNode = FALSE
	EndGlobalSection
	GlobalSection(ExtensibilityGlobals) = postSolution
		SolutionGuid = {04C26AD4-6CEB-4A9A-BAF4-B48A6A18CAF2}
	EndGlobalSection
EndGlobal
